
Microsoft Visual Studio Solution File, Format Version 12.00
Project("{FAE04EC0-301F-11D3-BF4B-00C04F79EFBC}") = "Requests.API", "Services\Requests\Presentation\Presentation.csproj", "{D8535097-523E-4727-97F5-F21E0DBF26CD}"
EndProject
Project("{2150E333-8FDC-42A3-9474-1A3956D46DE8}") = "src", "src", "{5B81B0AF-3BD7-41A8-A88A-07445B424B59}"
EndProject
Project("{2150E333-8FDC-42A3-9474-1A3956D46DE8}") = "Services", "Services", "{DA2DA438-61A0-49A6-96F7-2DC91FEFAFA6}"
EndProject
Project("{2150E333-8FDC-42A3-9474-1A3956D46DE8}") = "Requests", "Requests", "{CADFC9E3-B5C1-4E49-A693-F54C7BBA1002}"
EndProject
Project("{2150E333-8FDC-42A3-9474-1A3956D46DE8}") = "Presentation", "Presentation", "{0109DD95-52AE-416D-8415-DF7B64C05916}"
EndProject
Project("{2150E333-8FDC-42A3-9474-1A3956D46DE8}") = "Application", "Application", "{3A4313EF-75F7-4BAA-B569-A9426DAA2DF8}"
EndProject
Project("{2150E333-8FDC-42A3-9474-1A3956D46DE8}") = "Domain", "Domain", "{68AB3E06-1CBD-4013-B864-0B1CD8194AE3}"
EndProject
Project("{2150E333-8FDC-42A3-9474-1A3956D46DE8}") = "Infrastructure", "Infrastructure", "{4392307E-207C-4BDB-8AB5-8A7D89A1E85B}"
EndProject
Global
	GlobalSection(SolutionConfigurationPlatforms) = preSolution
		Debug|Any CPU = Debug|Any CPU
		Release|Any CPU = Release|Any CPU
	EndGlobalSection
	GlobalSection(ProjectConfigurationPlatforms) = postSolution
		{D8535097-523E-4727-97F5-F21E0DBF26CD}.Debug|Any CPU.ActiveCfg = Debug|Any CPU
		{D8535097-523E-4727-97F5-F21E0DBF26CD}.Debug|Any CPU.Build.0 = Debug|Any CPU
		{D8535097-523E-4727-97F5-F21E0DBF26CD}.Release|Any CPU.ActiveCfg = Release|Any CPU
		{D8535097-523E-4727-97F5-F21E0DBF26CD}.Release|Any CPU.Build.0 = Release|Any CPU
	EndGlobalSection
	GlobalSection(NestedProjects) = preSolution
		{DA2DA438-61A0-49A6-96F7-2DC91FEFAFA6} = {5B81B0AF-3BD7-41A8-A88A-07445B424B59}
		{CADFC9E3-B5C1-4E49-A693-F54C7BBA1002} = {DA2DA438-61A0-49A6-96F7-2DC91FEFAFA6}
		{0109DD95-52AE-416D-8415-DF7B64C05916} = {CADFC9E3-B5C1-4E49-A693-F54C7BBA1002}
		{D8535097-523E-4727-97F5-F21E0DBF26CD} = {0109DD95-52AE-416D-8415-DF7B64C05916}
		{3A4313EF-75F7-4BAA-B569-A9426DAA2DF8} = {CADFC9E3-B5C1-4E49-A693-F54C7BBA1002}
		{68AB3E06-1CBD-4013-B864-0B1CD8194AE3} = {CADFC9E3-B5C1-4E49-A693-F54C7BBA1002}
		{4392307E-207C-4BDB-8AB5-8A7D89A1E85B} = {CADFC9E3-B5C1-4E49-A693-F54C7BBA1002}
	EndGlobalSection
EndGlobal
